
Microsoft Visual Studio Solution File, Format Version 12.00
# Visual Studio Version 16
VisualStudioVersion = 16.0.30907.101
MinimumVisualStudioVersion = 10.0.40219.1
Project("{FAE04EC0-301F-11D3-BF4B-00C04F79EFBC}") = "Spur-Data-Access", "Spur-Data-Access\Spur-Data-Access.csproj", "{678D7D18-8D46-4D59-9DC7-6000E274872C}"
EndProject
Global
	GlobalSection(SolutionConfigurationPlatforms) = preSolution
		Debug|Any CPU = Debug|Any CPU
		Release|Any CPU = Release|Any CPU
	EndGlobalSection
	GlobalSection(ProjectConfigurationPlatforms) = postSolution
		{678D7D18-8D46-4D59-9DC7-6000E274872C}.Debug|Any CPU.ActiveCfg = Debug|Any CPU
		{678D7D18-8D46-4D59-9DC7-6000E274872C}.Debug|Any CPU.Build.0 = Debug|Any CPU
		{678D7D18-8D46-4D59-9DC7-6000E274872C}.Release|Any CPU.ActiveCfg = Release|Any CPU
		{678D7D18-8D46-4D59-9DC7-6000E274872C}.Release|Any CPU.Build.0 = Release|Any CPU
	EndGlobalSection
	GlobalSection(SolutionProperties) = preSolution
		HideSolutionNode = FALSE
	EndGlobalSection
	GlobalSection(ExtensibilityGlobals) = postSolution
		SolutionGuid = {F76805E2-E097-4955-9964-3FD3FDFB3EDE}
	EndGlobalSection
EndGlobal
